{
  "name": "demoApp",
  "version": "0.0.0",
  "lockfileVersion": 1,
  "requires": true,
  "dependencies": {
    "body-parser": {
      "version": "1.12.0",
      "resolved": "http://registry.npm.taobao.org/body-parser/download/body-parser-1.12.0.tgz",
      "integrity": "sha1-l1D8PMEICzShPRjHmEDNVZl5/OU=",
      "requires": {
        "bytes": "1.0.0",
        "content-type": "1.0.1",
        "debug": "2.1.2",
        "depd": "1.0.0",
        "iconv-lite": "0.4.7",
        "on-finished": "2.2.0",
        "qs": "2.3.3",
        "raw-body": "1.3.3",
        "type-is": "1.6.0"
      },
      "dependencies": {
        "bytes": {
          "version": "1.0.0",
          "resolved": "http://registry.npm.taobao.org/bytes/download/bytes-1.0.0.tgz",
          "integrity": "sha1-NWnt6Lo0MV+rmcPpLLBMciDeH6g="
        },
        "content-type": {
          "version": "1.0.1",
          "resolved": "http://registry.npm.taobao.org/content-type/download/content-type-1.0.1.tgz",
          "integrity": "sha1-oZ0iRzJ9wDgFDOYit6FU7FnF5gA="
        },
        "depd": {
          "version": "1.0.0",
          "resolved": "http://registry.npm.taobao.org/depd/download/depd-1.0.0.tgz",
          "integrity": "sha1-L9oNAOmKrihF1Jkasb8fKhmQc9U="
        },
        "iconv-lite": {
          "version": "0.4.7",
          "resolved": "http://registry.npm.taobao.org/iconv-lite/download/iconv-lite-0.4.7.tgz",
          "integrity": "sha1-idMv7IIb+Fl/RGCbS8Cb7VwgmiM="
        },
        "on-finished": {
          "version": "2.2.0",
          "resolved": "http://registry.npm.taobao.org/on-finished/download/on-finished-2.2.0.tgz",
          "integrity": "sha1-5rpqCaNILWt5abw9qSyG8KlnYF4=",
          "requires": {
            "ee-first": "1.1.0"
          },
          "dependencies": {
            "ee-first": {
              "version": "1.1.0",
              "resolved": "https://registry.npmjs.org/ee-first/-/ee-first-1.1.0.tgz",
              "integrity": "sha1-ag18YiHkkP7v2S7D9EHJzozQl/Q="
            }
          }
        },
        "qs": {
          "version": "2.3.3",
          "resolved": "https://registry.npmjs.org/qs/-/qs-2.3.3.tgz",
          "integrity": "sha1-6eha2+ddoLvkyOBHaghikPhjtAQ="
        },
        "raw-body": {
          "version": "1.3.3",
          "resolved": "http://registry.npm.taobao.org/raw-body/download/raw-body-1.3.3.tgz",
          "integrity": "sha1-iEGvP2StUKNR3HfyKRGLQMKPpYw=",
          "requires": {
            "bytes": "1.0.0",
            "iconv-lite": "0.4.7"
          }
        },
        "type-is": {
          "version": "1.6.0",
          "resolved": "http://registry.npm.taobao.org/type-is/download/type-is-1.6.0.tgz",
          "integrity": "sha1-78uSI/r61aA74U2PbJ4XhfLA58M=",
          "requires": {
            "media-typer": "0.3.0",
            "mime-types": "2.0.9"
          },
          "dependencies": {
            "media-typer": {
              "version": "0.3.0",
              "resolved": "http://registry.npm.taobao.org/media-typer/download/media-typer-0.3.0.tgz",
              "integrity": "sha1-hxDXrwqmJvj/+hzgAWhUUmMlV0g="
            },
            "mime-types": {
              "version": "2.0.9",
              "resolved": "https://registry.npmjs.org/mime-types/-/mime-types-2.0.9.tgz",
              "integrity": "sha1-6ESa/yexJF3cZkG1JEOa6AxLeKY=",
              "requires": {
                "mime-db": "1.7.0"
              },
              "dependencies": {
                "mime-db": {
                  "version": "1.7.0",
                  "resolved": "https://registry.npmjs.org/mime-db/-/mime-db-1.7.0.tgz",
                  "integrity": "sha1-Ns9mpsUupxgnveKH93wlT17xuNM="
                }
              }
            }
          }
        }
      }
    },
    "cookie-parser": {
      "version": "1.3.4",
      "resolved": "http://registry.npm.taobao.org/cookie-parser/download/cookie-parser-1.3.4.tgz",
      "integrity": "sha1-GTA1pb6XEXohcJs6pzf2EycXvaY=",
      "requires": {
        "cookie": "0.1.2",
        "cookie-signature": "1.0.6"
      },
      "dependencies": {
        "cookie": {
          "version": "0.1.2",
          "resolved": "http://registry.npm.taobao.org/cookie/download/cookie-0.1.2.tgz",
          "integrity": "sha1-cv7D0k5Io0Mgc9kMEmQgBQYQBLE="
        },
        "cookie-signature": {
          "version": "1.0.6",
          "resolved": "http://registry.npm.taobao.org/cookie-signature/download/cookie-signature-1.0.6.tgz",
          "integrity": "sha1-4wOogrNCzD7oylE6eZmXNNqzriw="
        }
      }
    },
    "debug": {
      "version": "2.1.2",
      "resolved": "http://registry.npm.taobao.org/debug/download/debug-2.1.2.tgz",
      "integrity": "sha1-1YU+xIAR6v2eyApcRzMzLB52ekM=",
      "requires": {
        "ms": "0.7.0"
      },
      "dependencies": {
        "ms": {
          "version": "0.7.0",
          "resolved": "http://registry.npm.taobao.org/ms/download/ms-0.7.0.tgz",
          "integrity": "sha1-hlvpTC5zl62KV9pqYzpuLzB5i4M="
        }
      }
    },
    "express": {
      "version": "4.12.2",
      "resolved": "http://registry.npm.taobao.org/express/download/express-4.12.2.tgz",
      "integrity": "sha1-fnKtTBtO3wdTam0eKs7AFh2FZL0=",
      "requires": {
        "accepts": "1.2.4",
        "content-disposition": "0.5.0",
        "content-type": "1.0.1",
        "cookie": "0.1.2",
        "cookie-signature": "1.0.6",
        "debug": "2.1.2",
        "depd": "1.0.0",
        "escape-html": "1.0.1",
        "etag": "1.5.1",
        "finalhandler": "0.3.3",
        "fresh": "0.2.4",
        "merge-descriptors": "1.0.0",
        "methods": "1.1.1",
        "on-finished": "2.2.0",
        "parseurl": "1.3.0",
        "path-to-regexp": "0.1.3",
        "proxy-addr": "1.0.6",
        "qs": "2.3.3",
        "range-parser": "1.0.2",
        "send": "0.12.1",
        "serve-static": "1.9.1",
        "type-is": "1.6.0",
        "utils-merge": "1.0.0",
        "vary": "1.0.0"
      },
      "dependencies": {
        "accepts": {
          "version": "1.2.4",
          "resolved": "http://registry.npm.taobao.org/accepts/download/accepts-1.2.4.tgz",
          "integrity": "sha1-9ObGb0+vacdr16Y6H/xb0trPsqw=",
          "requires": {
            "mime-types": "2.0.9",
            "negotiator": "0.5.1"
          },
          "dependencies": {
            "mime-types": {
              "version": "2.0.9",
              "resolved": "https://registry.npmjs.org/mime-types/-/mime-types-2.0.9.tgz",
              "integrity": "sha1-6ESa/yexJF3cZkG1JEOa6AxLeKY=",
              "requires": {
                "mime-db": "1.7.0"
              },
              "dependencies": {
                "mime-db": {
                  "version": "1.7.0",
                  "resolved": "https://registry.npmjs.org/mime-db/-/mime-db-1.7.0.tgz",
                  "integrity": "sha1-Ns9mpsUupxgnveKH93wlT17xuNM="
                }
              }
            },
            "negotiator": {
              "version": "0.5.1",
              "resolved": "http://registry.npm.taobao.org/negotiator/download/negotiator-0.5.1.tgz",
              "integrity": "sha1-SY9mHFIkcBU8YIasgwGcs+tm9hw="
            }
          }
        },
        "content-disposition": {
          "version": "0.5.0",
          "resolved": "http://registry.npm.taobao.org/content-disposition/download/content-disposition-0.5.0.tgz",
          "integrity": "sha1-QoT+auBjCHRjnkToCkGMKTQTXp4="
        },
        "content-type": {
          "version": "1.0.1",
          "resolved": "http://registry.npm.taobao.org/content-type/download/content-type-1.0.1.tgz",
          "integrity": "sha1-oZ0iRzJ9wDgFDOYit6FU7FnF5gA="
        },
        "cookie": {
          "version": "0.1.2",
          "resolved": "http://registry.npm.taobao.org/cookie/download/cookie-0.1.2.tgz",
          "integrity": "sha1-cv7D0k5Io0Mgc9kMEmQgBQYQBLE="
        },
        "cookie-signature": {
          "version": "1.0.6",
          "resolved": "http://registry.npm.taobao.org/cookie-signature/download/cookie-signature-1.0.6.tgz",
          "integrity": "sha1-4wOogrNCzD7oylE6eZmXNNqzriw="
        },
        "depd": {
          "version": "1.0.0",
          "resolved": "http://registry.npm.taobao.org/depd/download/depd-1.0.0.tgz",
          "integrity": "sha1-L9oNAOmKrihF1Jkasb8fKhmQc9U="
        },
        "escape-html": {
          "version": "1.0.1",
          "resolved": "http://registry.npm.taobao.org/escape-html/download/escape-html-1.0.1.tgz",
          "integrity": "sha1-GBoobq05ejmpKFfPsdQwUuNWv/A="
        },
        "etag": {
          "version": "1.5.1",
          "resolved": "http://registry.npm.taobao.org/etag/download/etag-1.5.1.tgz",
          "integrity": "sha1-VMUN4E7kJpVWKSWsVmWIKRvn6eo=",
          "requires": {
            "crc": "3.2.1"
          },
          "dependencies": {
            "crc": {
              "version": "3.2.1",
              "resolved": "http://registry.npm.taobao.org/crc/download/crc-3.2.1.tgz",
              "integrity": "sha1-XZyPt3okXNXsopHl0tAFM0urAII="
            }
          }
        },
        "finalhandler": {
          "version": "0.3.3",
          "resolved": "http://registry.npm.taobao.org/finalhandler/download/finalhandler-0.3.3.tgz",
          "integrity": "sha1-saCaoeamB7NUFmmwm8tyf0YM1CY=",
          "requires": {
            "debug": "2.1.2",
            "escape-html": "1.0.1",
            "on-finished": "2.2.0"
          }
        },
        "fresh": {
          "version": "0.2.4",
          "resolved": "http://registry.npm.taobao.org/fresh/download/fresh-0.2.4.tgz",
          "integrity": "sha1-NYJJkgbJcjcUGQ7ddLRgT+tKYUw="
        },
        "merge-descriptors": {
          "version": "1.0.0",
          "resolved": "http://registry.npm.taobao.org/merge-descriptors/download/merge-descriptors-1.0.0.tgz",
          "integrity": "sha1-IWnPdTjhsMyH+4jhUC2EdLv3mGQ="
        },
        "methods": {
          "version": "1.1.1",
          "resolved": "http://registry.npm.taobao.org/methods/download/methods-1.1.1.tgz",
          "integrity": "sha1-F+pjZgZtAMWON1uOx9/QRTyJgio="
        },
        "on-finished": {
          "version": "2.2.0",
          "resolved": "http://registry.npm.taobao.org/on-finished/download/on-finished-2.2.0.tgz",
          "integrity": "sha1-5rpqCaNILWt5abw9qSyG8KlnYF4=",
          "requires": {
            "ee-first": "1.1.0"
          },
          "dependencies": {
            "ee-first": {
              "version": "1.1.0",
              "resolved": "https://registry.npmjs.org/ee-first/-/ee-first-1.1.0.tgz",
              "integrity": "sha1-ag18YiHkkP7v2S7D9EHJzozQl/Q="
            }
          }
        },
        "parseurl": {
          "version": "1.3.0",
          "resolved": "https://registry.npmjs.org/parseurl/-/parseurl-1.3.0.tgz",
          "integrity": "sha1-tYBG20Ij4UWvp2AJ5hush8wigbM="
        },
        "path-to-regexp": {
          "version": "0.1.3",
          "resolved": "http://registry.npm.taobao.org/path-to-regexp/download/path-to-regexp-0.1.3.tgz",
          "integrity": "sha1-IbmrgidCed4lsVbqCP0SylG4rss="
        },
        "proxy-addr": {
          "version": "1.0.6",
          "resolved": "http://registry.npm.taobao.org/proxy-addr/download/proxy-addr-1.0.6.tgz",
          "integrity": "sha1-/OOkxIa/LhiK0eduGDmaedAsDnI=",
          "requires": {
            "forwarded": "0.1.0",
            "ipaddr.js": "0.1.8"
          },
          "dependencies": {
            "forwarded": {
              "version": "0.1.0",
              "resolved": "https://registry.npmjs.org/forwarded/-/forwarded-0.1.0.tgz",
              "integrity": "sha1-Ge+YdMSuHCl7zweP3mOgm2aoQ2M="
            },
            "ipaddr.js": {
              "version": "0.1.8",
              "resolved": "http://registry.npm.taobao.org/ipaddr.js/download/ipaddr.js-0.1.8.tgz",
              "integrity": "sha1-J0Qu2ne2JsRHJLSqihhn6EEFee4="
            }
          }
        },
        "qs": {
          "version": "2.3.3",
          "resolved": "https://registry.npmjs.org/qs/-/qs-2.3.3.tgz",
          "integrity": "sha1-6eha2+ddoLvkyOBHaghikPhjtAQ="
        },
        "range-parser": {
          "version": "1.0.2",
          "resolved": "https://registry.npmjs.org/range-parser/-/range-parser-1.0.2.tgz",
          "integrity": "sha1-BqEqQuUTG6jkV82JIESGfyNE5Uk="
        },
        "send": {
          "version": "0.12.1",
          "resolved": "http://registry.npm.taobao.org/send/download/send-0.12.1.tgz",
          "integrity": "sha1-ZeLkMw6ua00Qgqkhv8jpyfF3azE=",
          "requires": {
            "debug": "2.1.2",
            "depd": "1.0.0",
            "destroy": "1.0.3",
            "escape-html": "1.0.1",
            "etag": "1.5.1",
            "fresh": "0.2.4",
            "mime": "1.3.4",
            "ms": "0.7.0",
            "on-finished": "2.2.0",
            "range-parser": "1.0.2"
          },
          "dependencies": {
            "destroy": {
              "version": "1.0.3",
              "resolved": "http://registry.npm.taobao.org/destroy/download/destroy-1.0.3.tgz",
              "integrity": "sha1-tDO0ck5x/YVR2YhRdIUcX8N34sk="
            },
            "mime": {
              "version": "1.3.4",
              "resolved": "http://registry.npm.taobao.org/mime/download/mime-1.3.4.tgz",
              "integrity": "sha1-EV+eO2s9rylZmDyzjxSaLUDrXVM="
            },
            "ms": {
              "version": "0.7.0",
              "resolved": "http://registry.npm.taobao.org/ms/download/ms-0.7.0.tgz",
              "integrity": "sha1-hlvpTC5zl62KV9pqYzpuLzB5i4M="
            }
          }
        },
        "serve-static": {
          "version": "1.9.1",
          "resolved": "http://registry.npm.taobao.org/serve-static/download/serve-static-1.9.1.tgz",
          "integrity": "sha1-phGyuKLPtfiWhfKTyzZfP162FFE=",
          "requires": {
            "escape-html": "1.0.1",
            "parseurl": "1.3.0",
            "send": "0.12.1",
            "utils-merge": "1.0.0"
          }
        },
        "type-is": {
          "version": "1.6.0",
          "resolved": "http://registry.npm.taobao.org/type-is/download/type-is-1.6.0.tgz",
          "integrity": "sha1-78uSI/r61aA74U2PbJ4XhfLA58M=",
          "requires": {
            "media-typer": "0.3.0",
            "mime-types": "2.0.9"
          },
          "dependencies": {
            "media-typer": {
              "version": "0.3.0",
              "resolved": "http://registry.npm.taobao.org/media-typer/download/media-typer-0.3.0.tgz",
              "integrity": "sha1-hxDXrwqmJvj/+hzgAWhUUmMlV0g="
            },
            "mime-types": {
              "version": "2.0.9",
              "resolved": "https://registry.npmjs.org/mime-types/-/mime-types-2.0.9.tgz",
              "integrity": "sha1-6ESa/yexJF3cZkG1JEOa6AxLeKY=",
              "requires": {
                "mime-db": "1.7.0"
              },
              "dependencies": {
                "mime-db": {
                  "version": "1.7.0",
                  "resolved": "https://registry.npmjs.org/mime-db/-/mime-db-1.7.0.tgz",
                  "integrity": "sha1-Ns9mpsUupxgnveKH93wlT17xuNM="
                }
              }
            }
          }
        },
        "utils-merge": {
          "version": "1.0.0",
          "resolved": "http://registry.npm.taobao.org/utils-merge/download/utils-merge-1.0.0.tgz",
          "integrity": "sha1-ApT7kiu5N1FTVBxPcJYjHyh8ivg="
        },
        "vary": {
          "version": "1.0.0",
          "resolved": "https://registry.npmjs.org/vary/-/vary-1.0.0.tgz",
          "integrity": "sha1-xeds7CDTgg2PKpbnvuOHMcNNoec="
        }
      }
    },
    "jade": {
      "version": "1.9.2",
      "resolved": "http://registry.npm.taobao.org/jade/download/jade-1.9.2.tgz",
      "integrity": "sha1-C4n5xg1OrSc46Ca6eyzKyaVwKr4=",
      "requires": {
        "character-parser": "1.2.1",
        "commander": "2.6.0",
        "constantinople": "3.0.1",
        "mkdirp": "0.5.0",
        "transformers": "2.1.0",
        "void-elements": "2.0.1",
        "with": "4.0.1"
      },
      "dependencies": {
        "character-parser": {
          "version": "1.2.1",
          "resolved": "http://registry.npm.taobao.org/character-parser/download/character-parser-1.2.1.tgz",
          "integrity": "sha1-wN3kqxgnE7kZuXCVmhI+zBow/NY="
        },
        "commander": {
          "version": "2.6.0",
          "resolved": "https://registry.npmjs.org/commander/-/commander-2.6.0.tgz",
          "integrity": "sha1-nfflL7Kgyw+4kFjugMMQQiXzfh0="
        },
        "constantinople": {
          "version": "3.0.1",
          "resolved": "http://registry.npm.taobao.org/constantinople/download/constantinople-3.0.1.tgz",
          "integrity": "sha1-Hd+d6sDRTENnwdWz8W+ydj8SMQg=",
          "requires": {
            "acorn-globals": "1.0.2"
          },
          "dependencies": {
            "acorn-globals": {
              "version": "1.0.2",
              "resolved": "http://registry.npm.taobao.org/acorn-globals/download/acorn-globals-1.0.2.tgz",
              "integrity": "sha1-+QvyGERAXmSdAK3WGmiPxqNGIVg=",
              "requires": {
                "acorn": "0.11.0"
              },
              "dependencies": {
                "acorn": {
                  "version": "0.11.0",
                  "resolved": "http://registry.npm.taobao.org/acorn/download/acorn-0.11.0.tgz",
                  "integrity": "sha1-bpXwJTrRYf8BJ9symD5eLlNS1Zo="
                }
              }
            }
          }
        },
        "mkdirp": {
          "version": "0.5.0",
          "resolved": "https://registry.npmjs.org/mkdirp/-/mkdirp-0.5.0.tgz",
          "integrity": "sha1-HXMHam35hs2TROFecfzAWkyavxI=",
          "requires": {
            "minimist": "0.0.8"
          },
          "dependencies": {
            "minimist": {
              "version": "0.0.8",
              "resolved": "http://registry.npm.taobao.org/minimist/download/minimist-0.0.8.tgz",
              "integrity": "sha1-hX/Kv8M5fSYluCKCYuhqp6ARsF0="
            }
          }
        },
        "transformers": {
          "version": "2.1.0",
          "resolved": "http://registry.npm.taobao.org/transformers/download/transformers-2.1.0.tgz",
          "integrity": "sha1-XSPLNVYd2F3Gf7hIIwm0fVPM6ac=",
          "requires": {
            "css": "1.0.8",
            "promise": "2.0.0",
            "uglify-js": "2.2.5"
          },
          "dependencies": {
            "css": {
              "version": "1.0.8",
              "resolved": "https://registry.npmjs.org/css/-/css-1.0.8.tgz",
              "integrity": "sha1-k4aBHKgrzMnuf7WnMrHioxfIo+c=",
              "requires": {
                "css-parse": "1.0.4",
                "css-stringify": "1.0.5"
              },
              "dependencies": {
                "css-parse": {
                  "version": "1.0.4",
                  "resolved": "http://registry.npm.taobao.org/css-parse/download/css-parse-1.0.4.tgz",
                  "integrity": "sha1-OLBQP7+dqfVOnB29pg4UXHcRe90="
                },
                "css-stringify": {
                  "version": "1.0.5",
                  "resolved": "http://registry.npm.taobao.org/css-stringify/download/css-stringify-1.0.5.tgz",
                  "integrity": "sha1-sNBClG2ylTu50pKQCmy19tASIDE="
                }
              }
            },
            "promise": {
              "version": "2.0.0",
              "resolved": "https://registry.npmjs.org/promise/-/promise-2.0.0.tgz",
              "integrity": "sha1-RmSKqdYFr10ucMMCS/WUNtoCuA4=",
              "requires": {
                "is-promise": "1.0.1"
              },
              "dependencies": {
                "is-promise": {
                  "version": "1.0.1",
                  "resolved": "https://registry.npmjs.org/is-promise/-/is-promise-1.0.1.tgz",
                  "integrity": "sha1-MVc3YcBX4zwukaq56W2gjO++duU="
                }
              }
            },
            "uglify-js": {
              "version": "2.2.5",
              "resolved": "https://registry.npmjs.org/uglify-js/-/uglify-js-2.2.5.tgz",
              "integrity": "sha1-puAqcNg5eSuXgEiLe4sYTAlcmcc=",
              "requires": {
                "optimist": "0.3.7",
                "source-map": "0.1.43"
              },
              "dependencies": {
                "optimist": {
                  "version": "0.3.7",
                  "resolved": "https://registry.npmjs.org/optimist/-/optimist-0.3.7.tgz",
                  "integrity": "sha1-yQlBrVnkJzMokjB00s8ufLxuwNk=",
                  "requires": {
                    "wordwrap": "0.0.2"
                  },
                  "dependencies": {
                    "wordwrap": {
                      "version": "0.0.2",
                      "resolved": "https://registry.npmjs.org/wordwrap/-/wordwrap-0.0.2.tgz",
                      "integrity": "sha1-t5Zpu0LstAn4PVg8rVLKF+qhZD8="
                    }
                  }
                },
                "source-map": {
                  "version": "0.1.43",
                  "resolved": "https://registry.npmjs.org/source-map/-/source-map-0.1.43.tgz",
                  "integrity": "sha1-wkvBRspRfBRx9drL4lcbK3+eM0Y=",
                  "requires": {
                    "amdefine": "0.1.0"
                  },
                  "dependencies": {
                    "amdefine": {
                      "version": "0.1.0",
                      "resolved": "https://registry.npmjs.org/amdefine/-/amdefine-0.1.0.tgz",
                      "integrity": "sha1-PKlzXPHd4O33pL9mQXCcgCT5sic="
                    }
                  }
                }
              }
            }
          }
        },
        "void-elements": {
          "version": "2.0.1",
          "resolved": "http://registry.npm.taobao.org/void-elements/download/void-elements-2.0.1.tgz",
          "integrity": "sha1-wGavtYK7HLQSjWDqkjkulNXp2+w="
        },
        "with": {
          "version": "4.0.1",
          "resolved": "http://registry.npm.taobao.org/with/download/with-4.0.1.tgz",
          "integrity": "sha1-rM16fDIfLYPjA+UcArt+sf/xnDI=",
          "requires": {
            "acorn": "0.11.0",
            "acorn-globals": "1.0.2"
          },
          "dependencies": {
            "acorn": {
              "version": "0.11.0",
              "resolved": "http://registry.npm.taobao.org/acorn/download/acorn-0.11.0.tgz",
              "integrity": "sha1-bpXwJTrRYf8BJ9symD5eLlNS1Zo="
            },
            "acorn-globals": {
              "version": "1.0.2",
              "resolved": "http://registry.npm.taobao.org/acorn-globals/download/acorn-globals-1.0.2.tgz",
              "integrity": "sha1-+QvyGERAXmSdAK3WGmiPxqNGIVg=",
              "requires": {
                "acorn": "0.11.0"
              }
            }
          }
        }
      }
    },
    "morgan": {
      "version": "1.5.1",
      "resolved": "http://registry.npm.taobao.org/morgan/download/morgan-1.5.1.tgz",
      "integrity": "sha1-qWiO7ZGHq2SNgW/AnGlvroguFvY=",
      "requires": {
        "basic-auth": "1.0.0",
        "debug": "2.1.2",
        "depd": "1.0.0",
        "on-finished": "2.2.0"
      },
      "dependencies": {
        "basic-auth": {
          "version": "1.0.0",
          "resolved": "http://registry.npm.taobao.org/basic-auth/download/basic-auth-1.0.0.tgz",
          "integrity": "sha1-ERstn/jk5tE2uMhOpeCWy4c1Fjc="
        },
        "depd": {
          "version": "1.0.0",
          "resolved": "http://registry.npm.taobao.org/depd/download/depd-1.0.0.tgz",
          "integrity": "sha1-L9oNAOmKrihF1Jkasb8fKhmQc9U="
        },
        "on-finished": {
          "version": "2.2.0",
          "resolved": "http://registry.npm.taobao.org/on-finished/download/on-finished-2.2.0.tgz",
          "integrity": "sha1-5rpqCaNILWt5abw9qSyG8KlnYF4=",
          "requires": {
            "ee-first": "1.1.0"
          },
          "dependencies": {
            "ee-first": {
              "version": "1.1.0",
              "resolved": "https://registry.npmjs.org/ee-first/-/ee-first-1.1.0.tgz",
              "integrity": "sha1-ag18YiHkkP7v2S7D9EHJzozQl/Q="
            }
          }
        }
      }
    },
    "mysql": {
      "version": "2.5.5",
      "resolved": "http://registry.npm.taobao.org/mysql/download/mysql-2.5.5.tgz",
      "integrity": "sha1-AqHE0GF/t3HYXBX88k0Qj1pi9kg=",
      "requires": {
        "bignumber.js": "2.0.0",
        "readable-stream": "1.1.13",
        "require-all": "1.0.0"
      },
      "dependencies": {
        "bignumber.js": {
          "version": "2.0.0",
          "resolved": "http://registry.npm.taobao.org/bignumber.js/download/bignumber.js-2.0.0.tgz",
          "integrity": "sha1-n8pV5sc+G6XSlL2pmDGA6UfiEZw="
        },
        "readable-stream": {
          "version": "1.1.13",
          "resolved": "https://registry.npmjs.org/readable-stream/-/readable-stream-1.1.13.tgz",
          "integrity": "sha1-9u73ZPUUyJ4rniMUanW6EGdW0j4=",
          "requires": {
            "core-util-is": "1.0.1",
            "inherits": "2.0.1",
            "isarray": "0.0.1",
            "string_decoder": "0.10.31"
          },
          "dependencies": {
            "core-util-is": {
              "version": "1.0.1",
              "resolved": "https://registry.npmjs.org/core-util-is/-/core-util-is-1.0.1.tgz",
              "integrity": "sha1-awcIWu+aPMrG7lO/nT3wwVIaVTg="
            },
            "inherits": {
              "version": "2.0.1",
              "resolved": "https://registry.npmjs.org/inherits/-/inherits-2.0.1.tgz",
              "integrity": "sha1-sX0I0ya0Qj5Wjv9xn5GwscvfafE="
            },
            "isarray": {
              "version": "0.0.1",
              "resolved": "http://registry.npm.taobao.org/isarray/download/isarray-0.0.1.tgz",
              "integrity": "sha1-ihis/Kmo9Bd+Cav8YDiTmwXR7t8="
            },
            "string_decoder": {
              "version": "0.10.31",
              "resolved": "https://registry.npmjs.org/string_decoder/-/string_decoder-0.10.31.tgz",
              "integrity": "sha1-YuIDvEF2bGwoyfyEMB2rHFMQ+pQ="
            }
          }
        },
        "require-all": {
          "version": "1.0.0",
          "resolved": "http://registry.npm.taobao.org/require-all/download/require-all-1.0.0.tgz",
          "integrity": "sha1-hINwjnzkxt+tmItQgPl4KbktIic="
        }
      }
    },
    "serve-favicon": {
      "version": "2.2.0",
      "resolved": "http://registry.npm.taobao.org/serve-favicon/download/serve-favicon-2.2.0.tgz",
      "integrity": "sha1-oMJe6KZS4aY4pn20YmnNUqhwWFg=",
      "requires": {
        "etag": "1.5.1",
        "fresh": "0.2.4",
        "ms": "0.7.0",
        "parseurl": "1.3.0"
      },
      "dependencies": {
        "etag": {
          "version": "1.5.1",
          "resolved": "http://registry.npm.taobao.org/etag/download/etag-1.5.1.tgz",
          "integrity": "sha1-VMUN4E7kJpVWKSWsVmWIKRvn6eo=",
          "requires": {
            "crc": "3.2.1"
          },
          "dependencies": {
            "crc": {
              "version": "3.2.1",
              "resolved": "http://registry.npm.taobao.org/crc/download/crc-3.2.1.tgz",
              "integrity": "sha1-XZyPt3okXNXsopHl0tAFM0urAII="
            }
          }
        },
        "fresh": {
          "version": "0.2.4",
          "resolved": "http://registry.npm.taobao.org/fresh/download/fresh-0.2.4.tgz",
          "integrity": "sha1-NYJJkgbJcjcUGQ7ddLRgT+tKYUw="
        },
        "ms": {
          "version": "0.7.0",
          "resolved": "http://registry.npm.taobao.org/ms/download/ms-0.7.0.tgz",
          "integrity": "sha1-hlvpTC5zl62KV9pqYzpuLzB5i4M="
        },
        "parseurl": {
          "version": "1.3.0",
          "resolved": "https://registry.npmjs.org/parseurl/-/parseurl-1.3.0.tgz",
          "integrity": "sha1-tYBG20Ij4UWvp2AJ5hush8wigbM="
        }
      }
    },
    "vue": {
      "version": "2.4.2",
      "resolved": "https://registry.npmjs.org/vue/-/vue-2.4.2.tgz",
      "integrity": "sha512-GB5r+CsrCHIB1PoXt4wgBienjF3WGYOIaTK27tDk96sZxpL5RwRrsi9I3ECwFt8x8qAmxT2xk1vsY2Vpcn9nIw=="
    }
  }
}
